
Microsoft Visual Studio Solution File, Format Version 12.00
# Visual Studio Version 16
VisualStudioVersion = 16.0.31729.503
MinimumVisualStudioVersion = 10.0.40219.1
Project("{FAE04EC0-301F-11D3-BF4B-00C04F79EFBC}") = "Observer", "Observer\Observer.csproj", "{AF11AECF-9201-4214-A4E3-6ECB28B93FBB}"
EndProject
Global
	GlobalSection(SolutionConfigurationPlatforms) = preSolution
		Debug|Any CPU = Debug|Any CPU
		Release|Any CPU = Release|Any CPU
	EndGlobalSection
	GlobalSection(ProjectConfigurationPlatforms) = postSolution
		{AF11AECF-9201-4214-A4E3-6ECB28B93FBB}.Debug|Any CPU.ActiveCfg = Debug|Any CPU
		{AF11AECF-9201-4214-A4E3-6ECB28B93FBB}.Debug|Any CPU.Build.0 = Debug|Any CPU
		{AF11AECF-9201-4214-A4E3-6ECB28B93FBB}.Release|Any CPU.ActiveCfg = Release|Any CPU
		{AF11AECF-9201-4214-A4E3-6ECB28B93FBB}.Release|Any CPU.Build.0 = Release|Any CPU
	EndGlobalSection
	GlobalSection(SolutionProperties) = preSolution
		HideSolutionNode = FALSE
	EndGlobalSection
	GlobalSection(ExtensibilityGlobals) = postSolution
		SolutionGuid = {B97CA40A-04EF-464D-94B7-A04F85AEBD52}
	EndGlobalSection
EndGlobal
